
Microsoft Visual Studio Solution File, Format Version 12.00
# Visual Studio Version 17
VisualStudioVersion = 17.8.34511.84
MinimumVisualStudioVersion = 10.0.40219.1
Project("{9A19103F-16F7-4668-BE54-9A1E7A4F7556}") = "TaskList", "TaskList\TaskList.csproj", "{A6AD87DD-EA40-43A5-AB1E-F0C8A3298550}"
EndProject
Project("{9A19103F-16F7-4668-BE54-9A1E7A4F7556}") = "Calculator", "Calculator\Calculator.csproj", "{82351E4B-FEBA-4F33-9119-70368DF7E9C8}"
EndProject
Project("{9A19103F-16F7-4668-BE54-9A1E7A4F7556}") = "TempConvertor", "TempConvertor\TempConvertor.csproj", "{C9962433-729D-4916-8B80-1B40DFFDF4DE}"
EndProject
Project("{9A19103F-16F7-4668-BE54-9A1E7A4F7556}") = "WorkWithString", "WorkWithString\WorkWithString.csproj", "{02CCECF5-05F6-4578-BDB4-E5700540B661}"
EndProject
Project("{9A19103F-16F7-4668-BE54-9A1E7A4F7556}") = "WorkWithFiles", "WorkWithFiles\WorkWithFiles.csproj", "{A5B818CE-1F88-4CC0-8B88-19170679D8E4}"
EndProject
Project("{9A19103F-16F7-4668-BE54-9A1E7A4F7556}") = "WorkWithClass", "WorkWithClass\WorkWithClass.csproj", "{B2FDFBA5-B0AA-4E9B-B70D-A1D65FF349DC}"
EndProject
Project("{9A19103F-16F7-4668-BE54-9A1E7A4F7556}") = "MultiThreading", "MultiThreading\MultiThreading.csproj", "{D4F801E7-5F58-42B7-A204-16488381E911}"
EndProject
Project("{FAE04EC0-301F-11D3-BF4B-00C04F79EFBC}") = "LINQ", "LINQ\LINQ.csproj", "{0B033F7B-1E98-44B0-BDD5-46778476FB02}"
EndProject
Global
	GlobalSection(SolutionConfigurationPlatforms) = preSolution
		Debug|Any CPU = Debug|Any CPU
		Release|Any CPU = Release|Any CPU
	EndGlobalSection
	GlobalSection(ProjectConfigurationPlatforms) = postSolution
		{A6AD87DD-EA40-43A5-AB1E-F0C8A3298550}.Debug|Any CPU.ActiveCfg = Debug|Any CPU
		{A6AD87DD-EA40-43A5-AB1E-F0C8A3298550}.Debug|Any CPU.Build.0 = Debug|Any CPU
		{A6AD87DD-EA40-43A5-AB1E-F0C8A3298550}.Release|Any CPU.ActiveCfg = Release|Any CPU
		{A6AD87DD-EA40-43A5-AB1E-F0C8A3298550}.Release|Any CPU.Build.0 = Release|Any CPU
		{82351E4B-FEBA-4F33-9119-70368DF7E9C8}.Debug|Any CPU.ActiveCfg = Debug|Any CPU
		{82351E4B-FEBA-4F33-9119-70368DF7E9C8}.Debug|Any CPU.Build.0 = Debug|Any CPU
		{82351E4B-FEBA-4F33-9119-70368DF7E9C8}.Release|Any CPU.ActiveCfg = Release|Any CPU
		{82351E4B-FEBA-4F33-9119-70368DF7E9C8}.Release|Any CPU.Build.0 = Release|Any CPU
		{C9962433-729D-4916-8B80-1B40DFFDF4DE}.Debug|Any CPU.ActiveCfg = Debug|Any CPU
		{C9962433-729D-4916-8B80-1B40DFFDF4DE}.Debug|Any CPU.Build.0 = Debug|Any CPU
		{C9962433-729D-4916-8B80-1B40DFFDF4DE}.Release|Any CPU.ActiveCfg = Release|Any CPU
		{C9962433-729D-4916-8B80-1B40DFFDF4DE}.Release|Any CPU.Build.0 = Release|Any CPU
		{02CCECF5-05F6-4578-BDB4-E5700540B661}.Debug|Any CPU.ActiveCfg = Debug|Any CPU
		{02CCECF5-05F6-4578-BDB4-E5700540B661}.Debug|Any CPU.Build.0 = Debug|Any CPU
		{02CCECF5-05F6-4578-BDB4-E5700540B661}.Release|Any CPU.ActiveCfg = Release|Any CPU
		{02CCECF5-05F6-4578-BDB4-E5700540B661}.Release|Any CPU.Build.0 = Release|Any CPU
		{A5B818CE-1F88-4CC0-8B88-19170679D8E4}.Debug|Any CPU.ActiveCfg = Debug|Any CPU
		{A5B818CE-1F88-4CC0-8B88-19170679D8E4}.Debug|Any CPU.Build.0 = Debug|Any CPU
		{A5B818CE-1F88-4CC0-8B88-19170679D8E4}.Release|Any CPU.ActiveCfg = Release|Any CPU
		{A5B818CE-1F88-4CC0-8B88-19170679D8E4}.Release|Any CPU.Build.0 = Release|Any CPU
		{B2FDFBA5-B0AA-4E9B-B70D-A1D65FF349DC}.Debug|Any CPU.ActiveCfg = Debug|Any CPU
		{B2FDFBA5-B0AA-4E9B-B70D-A1D65FF349DC}.Debug|Any CPU.Build.0 = Debug|Any CPU
		{B2FDFBA5-B0AA-4E9B-B70D-A1D65FF349DC}.Release|Any CPU.ActiveCfg = Release|Any CPU
		{B2FDFBA5-B0AA-4E9B-B70D-A1D65FF349DC}.Release|Any CPU.Build.0 = Release|Any CPU
		{D4F801E7-5F58-42B7-A204-16488381E911}.Debug|Any CPU.ActiveCfg = Debug|Any CPU
		{D4F801E7-5F58-42B7-A204-16488381E911}.Debug|Any CPU.Build.0 = Debug|Any CPU
		{D4F801E7-5F58-42B7-A204-16488381E911}.Release|Any CPU.ActiveCfg = Release|Any CPU
		{D4F801E7-5F58-42B7-A204-16488381E911}.Release|Any CPU.Build.0 = Release|Any CPU
		{0B033F7B-1E98-44B0-BDD5-46778476FB02}.Debug|Any CPU.ActiveCfg = Debug|Any CPU
		{0B033F7B-1E98-44B0-BDD5-46778476FB02}.Debug|Any CPU.Build.0 = Debug|Any CPU
		{0B033F7B-1E98-44B0-BDD5-46778476FB02}.Release|Any CPU.ActiveCfg = Release|Any CPU
		{0B033F7B-1E98-44B0-BDD5-46778476FB02}.Release|Any CPU.Build.0 = Release|Any CPU
	EndGlobalSection
	GlobalSection(SolutionProperties) = preSolution
		HideSolutionNode = FALSE
	EndGlobalSection
	GlobalSection(ExtensibilityGlobals) = postSolution
		SolutionGuid = {88AD7029-BD25-4EE9-8F67-C1B733057507}
	EndGlobalSection
EndGlobal
